# This file is automatically @generated by Cargo.
# It is not intended for manual editing.
version = 4

[[package]]
name = "mss-audio"
version = "0.1.0"
dependencies = [
 "mss-core",
]

[[package]]
name = "mss-cli"
version = "0.1.0"
dependencies = [
 "mss-runtime",
]

[[package]]
name = "mss-core"
version = "0.1.0"

[[package]]
name = "mss-kernels"
version = "0.1.0"
dependencies = [
 "mss-core",
]

[[package]]
name = "mss-models"
version = "0.1.0"
dependencies = [
 "mss-core",
]

[[package]]
name = "mss-runtime"
version = "0.1.0"
dependencies = [
 "mss-audio",
 "mss-core",
 "mss-kernels",
 "mss-models",
]
