# This file is automatically @generated by Cargo.
# It is not intended for manual editing.
version = 4

[[package]]
name = "uvr-audio"
version = "0.1.0"
dependencies = [
 "uvr-core",
]

[[package]]
name = "uvr-cli"
version = "0.1.0"
dependencies = [
 "uvr-runtime",
]

[[package]]
name = "uvr-core"
version = "0.1.0"

[[package]]
name = "uvr-kernels"
version = "0.1.0"
dependencies = [
 "uvr-core",
]

[[package]]
name = "uvr-models"
version = "0.1.0"
dependencies = [
 "uvr-core",
]

[[package]]
name = "uvr-runtime"
version = "0.1.0"
dependencies = [
 "uvr-audio",
 "uvr-core",
 "uvr-kernels",
 "uvr-models",
]
